{
  "nodes": {
    "flakeNimbleLib": {
      "inputs": {
        "nixpkgs": [
          "nixpkgs"
        ]
      },
      "locked": {
        "lastModified": 1662018438,
        "narHash": "sha256-QtNtU6+LX3Wokxf0zlFwKTFOcn6TeDjKQZ+DA9OYtvM=",
        "owner": "riinr",
        "repo": "nim-flakes-lib",
        "rev": "b1fe8340736e3a85d25c709ac3dfd82a55c03cbf",
        "type": "github"
      },
      "original": {
        "owner": "riinr",
        "ref": "master",
        "repo": "nim-flakes-lib",
        "type": "github"
      }
    },
    "nixpkgs": {
      "locked": {
        "lastModified": 1667110639,
        "narHash": "sha256-4FbPESZ5LbqQxkJJJBAfk/zKgF9h/4kyUwjjpJwYlbc=",
        "owner": "NixOS",
        "repo": "nixpkgs",
        "rev": "f38a1f04d1bec1feb61fd101a0539ae2002a7087",
        "type": "github"
      },
      "original": {
        "id": "nixpkgs",
        "type": "indirect"
      }
    },
    "root": {
      "inputs": {
        "flakeNimbleLib": "flakeNimbleLib",
        "nixpkgs": "nixpkgs",
        "sqlite3_abi-master": "sqlite3_abi-master"
      }
    },
    "sqlite3_abi-master": {
      "inputs": {
        "flakeNimbleLib": [
          "flakeNimbleLib"
        ],
        "nixpkgs": [
          "nixpkgs"
        ],
        "src-sqlite3_abi-master": "src-sqlite3_abi-master"
      },
      "locked": {
        "dir": "master",
        "lastModified": 1662254847,
        "narHash": "sha256-PyAiuza/+YQ6b4cZ8aZGaZ53eHik+86cOA3I/AyPRlo=",
        "owner": "nim-nix-pkgs",
        "repo": "sqlite3_abi",
        "rev": "63c285b3bbde3d6dbb3a79f2dd8779cb7d861cd7",
        "type": "github"
      },
      "original": {
        "dir": "master",
        "owner": "nim-nix-pkgs",
        "ref": "master",
        "repo": "sqlite3_abi",
        "type": "github"
      }
    },
    "src-sqlite3_abi-master": {
      "flake": false,
      "locked": {
        "lastModified": 1610366643,
        "narHash": "sha256-QX1Skt9ixmnxS6PR+ulv4DdOsz/+Bx+Jc6NTuib+kMY=",
        "owner": "arnetheduck",
        "repo": "nim-sqlite3-abi",
        "rev": "07039dd887c4e5b57367a16f4be3c18763be1d7b",
        "type": "github"
      },
      "original": {
        "owner": "arnetheduck",
        "ref": "refs/heads/master",
        "repo": "nim-sqlite3-abi",
        "type": "github"
      }
    }
  },
  "root": "root",
  "version": 7
}
